// !$*UTF8*$!
{
	archiveVersion = 1;
	classes = {
	};
	objectVersion = 46;
	objects = {

/* Begin PBXBuildFile section */
		7C070E8D1D5C5D8C00281B69 /* main.m in Sources */ = {isa = PBXBuildFile; fileRef = 7C070E8C1D5C5D8C00281B69 /* main.m */; };
		7C070E901D5C5D8C00281B69 /* AppDelegate.m in Sources */ = {isa = PBXBuildFile; fileRef = 7C070E8F1D5C5D8C00281B69 /* AppDelegate.m */; };
		7C070E931D5C5D8C00281B69 /* ViewController.m in Sources */ = {isa = PBXBuildFile; fileRef = 7C070E921D5C5D8C00281B69 /* ViewController.m */; };
		7C070E961D5C5D8C00281B69 /* Main.storyboard in Resources */ = {isa = PBXBuildFile; fileRef = 7C070E941D5C5D8C00281B69 /* Main.storyboard */; };
		7C070E981D5C5D8C00281B69 /* Assets.xcassets in Resources */ = {isa = PBXBuildFile; fileRef = 7C070E971D5C5D8C00281B69 /* Assets.xcassets */; };
		7C070E9B1D5C5D8C00281B69 /* LaunchScreen.storyboard in Resources */ = {isa = PBXBuildFile; fileRef = 7C070E991D5C5D8C00281B69 /* LaunchScreen.storyboard */; };
		7C070EA41D5D763000281B69 /* BlurWithCoreImageVC.m in Sources */ = {isa = PBXBuildFile; fileRef = 7C070EA31D5D763000281B69 /* BlurWithCoreImageVC.m */; };
		7C070EA81D61742600281B69 /* BlurWithVImageVC.m in Sources */ = {isa = PBXBuildFile; fileRef = 7C070EA71D61742600281B69 /* BlurWithVImageVC.m */; };
/* End PBXBuildFile section */

/* Begin PBXFileReference section */
		7C070E881D5C5D8C00281B69 /* BlurImageDemo.app */ = {isa = PBXFileReference; explicitFileType = wrapper.application; includeInIndex = 0; path = BlurImageDemo.app; sourceTree = BUILT_PRODUCTS_DIR; };
		7C070E8C1D5C5D8C00281B69 /* main.m */ = {isa = PBXFileReference; lastKnownFileType = sourcecode.c.objc; path = main.m; sourceTree = "<group>"; };
		7C070E8E1D5C5D8C00281B69 /* AppDelegate.h */ = {isa = PBXFileReference; lastKnownFileType = sourcecode.c.h; path = AppDelegate.h; sourceTree = "<group>"; };
		7C070E8F1D5C5D8C00281B69 /* AppDelegate.m */ = {isa = PBXFileReference; lastKnownFileType = sourcecode.c.objc; path = AppDelegate.m; sourceTree = "<group>"; };
		7C070E911D5C5D8C00281B69 /* ViewController.h */ = {isa = PBXFileReference; lastKnownFileType = sourcecode.c.h; path = ViewController.h; sourceTree = "<group>"; };
		7C070E921D5C5D8C00281B69 /* ViewController.m */ = {isa = PBXFileReference; lastKnownFileType = sourcecode.c.objc; path = ViewController.m; sourceTree = "<group>"; };
		7C070E951D5C5D8C00281B69 /* Base */ = {isa = PBXFileReference; lastKnownFileType = file.storyboard; name = Base; path = Base.lproj/Main.storyboard; sourceTree = "<group>"; };
		7C070E971D5C5D8C00281B69 /* Assets.xcassets */ = {isa = PBXFileReference; lastKnownFileType = folder.assetcatalog; path = Assets.xcassets; sourceTree = "<group>"; };
		7C070E9A1D5C5D8C00281B69 /* Base */ = {isa = PBXFileReference; lastKnownFileType = file.storyboard; name = Base; path = Base.lproj/LaunchScreen.storyboard; sourceTree = "<group>"; };
		7C070E9C1D5C5D8C00281B69 /* Info.plist */ = {isa = PBXFileReference; lastKnownFileType = text.plist.xml; path = Info.plist; sourceTree = "<group>"; };
		7C070EA21D5D763000281B69 /* BlurWithCoreImageVC.h */ = {isa = PBXFileReference; fileEncoding = 4; lastKnownFileType = sourcecode.c.h; path = BlurWithCoreImageVC.h; sourceTree = "<group>"; };
		7C070EA31D5D763000281B69 /* BlurWithCoreImageVC.m */ = {isa = PBXFileReference; fileEncoding = 4; lastKnownFileType = sourcecode.c.objc; path = BlurWithCoreImageVC.m; sourceTree = "<group>"; };
		7C070EA51D5D767400281B69 /* PrefixHeader.pch */ = {isa = PBXFileReference; lastKnownFileType = sourcecode.c.h; path = PrefixHeader.pch; sourceTree = "<group>"; };
		7C070EA61D61742600281B69 /* BlurWithVImageVC.h */ = {isa = PBXFileReference; fileEncoding = 4; lastKnownFileType = sourcecode.c.h; path = BlurWithVImageVC.h; sourceTree = "<group>"; };
		7C070EA71D61742600281B69 /* BlurWithVImageVC.m */ = {isa = PBXFileReference; fileEncoding = 4; lastKnownFileType = sourcecode.c.objc; path = BlurWithVImageVC.m; sourceTree = "<group>"; };
/* End PBXFileReference section */

/* Begin PBXFrameworksBuildPhase section */
		7C070E851D5C5D8C00281B69 /* Frameworks */ = {
			isa = PBXFrameworksBuildPhase;
			buildActionMask = 2147483647;
			files = (
			);
			runOnlyForDeploymentPostprocessing = 0;
		};
/* End PBXFrameworksBuildPhase section */

/* Begin PBXGroup section */
		7C070E7F1D5C5D8C00281B69 = {
			isa = PBXGroup;
			children = (
				7C070E8A1D5C5D8C00281B69 /* BlurImageDemo */,
				7C070E891D5C5D8C00281B69 /* Products */,
			);
			sourceTree = "<group>";
		};
		7C070E891D5C5D8C00281B69 /* Products */ = {
			isa = PBXGroup;
			children = (
				7C070E881D5C5D8C00281B69 /* BlurImageDemo.app */,
			);
			name = Products;
			sourceTree = "<group>";
		};
		7C070E8A1D5C5D8C00281B69 /* BlurImageDemo */ = {
			isa = PBXGroup;
			children = (
				7C070E8E1D5C5D8C00281B69 /* AppDelegate.h */,
				7C070E8F1D5C5D8C00281B69 /* AppDelegate.m */,
				7C070E911D5C5D8C00281B69 /* ViewController.h */,
				7C070E921D5C5D8C00281B69 /* ViewController.m */,
				7C070EA21D5D763000281B69 /* BlurWithCoreImageVC.h */,
				7C070EA31D5D763000281B69 /* BlurWithCoreImageVC.m */,
				7C070EA61D61742600281B69 /* BlurWithVImageVC.h */,
				7C070EA71D61742600281B69 /* BlurWithVImageVC.m */,
				7C070E941D5C5D8C00281B69 /* Main.storyboard */,
				7C070E971D5C5D8C00281B69 /* Assets.xcassets */,
				7C070E991D5C5D8C00281B69 /* LaunchScreen.storyboard */,
				7C070E9C1D5C5D8C00281B69 /* Info.plist */,
				7C070E8B1D5C5D8C00281B69 /* Supporting Files */,
				7C070EA51D5D767400281B69 /* PrefixHeader.pch */,
			);
			path = BlurImageDemo;
			sourceTree = "<group>";
		};
		7C070E8B1D5C5D8C00281B69 /* Supporting Files */ = {
			isa = PBXGroup;
			children = (
				7C070E8C1D5C5D8C00281B69 /* main.m */,
			);
			name = "Supporting Files";
			sourceTree = "<group>";
		};
/* End PBXGroup section */

/* Begin PBXNativeTarget section */
		7C070E871D5C5D8C00281B69 /* BlurImageDemo */ = {
			isa = PBXNativeTarget;
			buildConfigurationList = 7C070E9F1D5C5D8C00281B69 /* Build configuration list for PBXNativeTarget "BlurImageDemo" */;
			buildPhases = (
				7C070E841D5C5D8C00281B69 /* Sources */,
				7C070E851D5C5D8C00281B69 /* Frameworks */,
				7C070E861D5C5D8C00281B69 /* Resources */,
			);
			buildRules = (
			);
			dependencies = (
			);
			name = BlurImageDemo;
			productName = BlurImageDemo;
			productReference = 7C070E881D5C5D8C00281B69 /* BlurImageDemo.app */;
			productType = "com.apple.product-type.application";
		};
/* End PBXNativeTarget section */

/* Begin PBXProject section */
		7C070E801D5C5D8C00281B69 /* Project object */ = {
			isa = PBXProject;
			attributes = {
				LastUpgradeCheck = 0720;
				ORGANIZATIONNAME = "云菲";
				TargetAttributes = {
					7C070E871D5C5D8C00281B69 = {
						CreatedOnToolsVersion = 7.2;
						ProvisioningStyle = Manual;
					};
				};
			};
			buildConfigurationList = 7C070E831D5C5D8C00281B69 /* Build configuration list for PBXProject "BlurImageDemo" */;
			compatibilityVersion = "Xcode 3.2";
			developmentRegion = English;
			hasScannedForEncodings = 0;
			knownRegions = (
				en,
				Base,
			);
			mainGroup = 7C070E7F1D5C5D8C00281B69;
			productRefGroup = 7C070E891D5C5D8C00281B69 /* Products */;
			projectDirPath = "";
			projectRoot = "";
			targets = (
				7C070E871D5C5D8C00281B69 /* BlurImageDemo */,
			);
		};
/* End PBXProject section */

/* Begin PBXResourcesBuildPhase section */
		7C070E861D5C5D8C00281B69 /* Resources */ = {
			isa = PBXResourcesBuildPhase;
			buildActionMask = 2147483647;
			files = (
				7C070E9B1D5C5D8C00281B69 /* LaunchScreen.storyboard in Resources */,
				7C070E981D5C5D8C00281B69 /* Assets.xcassets in Resources */,
				7C070E961D5C5D8C00281B69 /* Main.storyboard in Resources */,
			);
			runOnlyForDeploymentPostprocessing = 0;
		};
/* End PBXResourcesBuildPhase section */

/* Begin PBXSourcesBuildPhase section */
		7C070E841D5C5D8C00281B69 /* Sources */ = {
			isa = PBXSourcesBuildPhase;
			buildActionMask = 2147483647;
			files = (
				7C070E931D5C5D8C00281B69 /* ViewController.m in Sources */,
				7C070EA81D61742600281B69 /* BlurWithVImageVC.m in Sources */,
				7C070E901D5C5D8C00281B69 /* AppDelegate.m in Sources */,
				7C070EA41D5D763000281B69 /* BlurWithCoreImageVC.m in Sources */,
				7C070E8D1D5C5D8C00281B69 /* main.m in Sources */,
			);
			runOnlyForDeploymentPostprocessing = 0;
		};
/* End PBXSourcesBuildPhase section */

/* Begin PBXVariantGroup section */
		7C070E941D5C5D8C00281B69 /* Main.storyboard */ = {
			isa = PBXVariantGroup;
			children = (
				7C070E951D5C5D8C00281B69 /* Base */,
			);
			name = Main.storyboard;
			sourceTree = "<group>";
		};
		7C070E991D5C5D8C00281B69 /* LaunchScreen.storyboard */ = {
			isa = PBXVariantGroup;
			children = (
				7C070E9A1D5C5D8C00281B69 /* Base */,
			);
			name = LaunchScreen.storyboard;
			sourceTree = "<group>";
		};
/* End PBXVariantGroup section */

/* Begin XCBuildConfiguration section */
		7C070E9D1D5C5D8C00281B69 /* Debug */ = {
			isa = XCBuildConfiguration;
			buildSettings = {
				ALWAYS_SEARCH_USER_PATHS = NO;
				CLANG_CXX_LANGUAGE_STANDARD = "gnu++0x";
				CLANG_CXX_LIBRARY = "libc++";
				CLANG_ENABLE_MODULES = YES;
				CLANG_ENABLE_OBJC_ARC = YES;
				CLANG_WARN_BOOL_CONVERSION = YES;
				CLANG_WARN_CONSTANT_CONVERSION = YES;
				CLANG_WARN_DIRECT_OBJC_ISA_USAGE = YES_ERROR;
				CLANG_WARN_EMPTY_BODY = YES;
				CLANG_WARN_ENUM_CONVERSION = YES;
				CLANG_WARN_INT_CONVERSION = YES;
				CLANG_WARN_OBJC_ROOT_CLASS = YES_ERROR;
				CLANG_WARN_UNREACHABLE_CODE = YES;
				CLANG_WARN__DUPLICATE_METHOD_MATCH = YES;
				"CODE_SIGN_IDENTITY[sdk=iphoneos*]" = "iPhone Developer";
				COPY_PHASE_STRIP = NO;
				DEBUG_INFORMATION_FORMAT = dwarf;
				ENABLE_STRICT_OBJC_MSGSEND = YES;
				ENABLE_TESTABILITY = YES;
				GCC_C_LANGUAGE_STANDARD = gnu99;
				GCC_DYNAMIC_NO_PIC = NO;
				GCC_NO_COMMON_BLOCKS = YES;
				GCC_OPTIMIZATION_LEVEL = 0;
				GCC_PREPROCESSOR_DEFINITIONS = (
					"DEBUG=1",
					"$(inherited)",
				);
				GCC_WARN_64_TO_32_BIT_CONVERSION = YES;
				GCC_WARN_ABOUT_RETURN_TYPE = YES_ERROR;
				GCC_WARN_UNDECLARED_SELECTOR = YES;
				GCC_WARN_UNINITIALIZED_AUTOS = YES_AGGRESSIVE;
				GCC_WARN_UNUSED_FUNCTION = YES;
				GCC_WARN_UNUSED_VARIABLE = YES;
				IPHONEOS_DEPLOYMENT_TARGET = 9.2;
				MTL_ENABLE_DEBUG_INFO = YES;
				ONLY_ACTIVE_ARCH = YES;
				SDKROOT = iphoneos;
			};
			name = Debug;
		};
		7C070E9E1D5C5D8C00281B69 /* Release */ = {
			isa = XCBuildConfiguration;
			buildSettings = {
				ALWAYS_SEARCH_USER_PATHS = NO;
				CLANG_CXX_LANGUAGE_STANDARD = "gnu++0x";
				CLANG_CXX_LIBRARY = "libc++";
				CLANG_ENABLE_MODULES = YES;
				CLANG_ENABLE_OBJC_ARC = YES;
				CLANG_WARN_BOOL_CONVERSION = YES;
				CLANG_WARN_CONSTANT_CONVERSION = YES;
				CLANG_WARN_DIRECT_OBJC_ISA_USAGE = YES_ERROR;
				CLANG_WARN_EMPTY_BODY = YES;
				CLANG_WARN_ENUM_CONVERSION = YES;
				CLANG_WARN_INT_CONVERSION = YES;
				CLANG_WARN_OBJC_ROOT_CLASS = YES_ERROR;
				CLANG_WARN_UNREACHABLE_CODE = YES;
				CLANG_WARN__DUPLICATE_METHOD_MATCH = YES;
				"CODE_SIGN_IDENTITY[sdk=iphoneos*]" = "iPhone Developer";
				COPY_PHASE_STRIP = NO;
				DEBUG_INFORMATION_FORMAT = "dwarf-with-dsym";
				ENABLE_NS_ASSERTIONS = NO;
				ENABLE_STRICT_OBJC_MSGSEND = YES;
				GCC_C_LANGUAGE_STANDARD = gnu99;
				GCC_NO_COMMON_BLOCKS = YES;
				GCC_WARN_64_TO_32_BIT_CONVERSION = YES;
				GCC_WARN_ABOUT_RETURN_TYPE = YES_ERROR;
				GCC_WARN_UNDECLARED_SELECTOR = YES;
				GCC_WARN_UNINITIALIZED_AUTOS = YES_AGGRESSIVE;
				GCC_WARN_UNUSED_FUNCTION = YES;
				GCC_WARN_UNUSED_VARIABLE = YES;
				IPHONEOS_DEPLOYMENT_TARGET = 9.2;
				MTL_ENABLE_DEBUG_INFO = NO;
				SDKROOT = iphoneos;
				VALIDATE_PRODUCT = YES;
			};
			name = Release;
		};
		7C070EA01D5C5D8C00281B69 /* Debug */ = {
			isa = XCBuildConfiguration;
			buildSettings = {
				ASSETCATALOG_COMPILER_APPICON_NAME = AppIcon;
				DEVELOPMENT_TEAM = "";
				GCC_PRECOMPILE_PREFIX_HEADER = YES;
				GCC_PREFIX_HEADER = BlurImageDemo/PrefixHeader.pch;
				INFOPLIST_FILE = BlurImageDemo/Info.plist;
				LD_RUNPATH_SEARCH_PATHS = "$(inherited) @executable_path/Frameworks";
				PRODUCT_BUNDLE_IDENTIFIER = hnqingyun.BlurImageDemo;
				PRODUCT_NAME = "$(TARGET_NAME)";
				PROVISIONING_PROFILE_SPECIFIER = "";
			};
			name = Debug;
		};
		7C070EA11D5C5D8C00281B69 /* Release */ = {
			isa = XCBuildConfiguration;
			buildSettings = {
				ASSETCATALOG_COMPILER_APPICON_NAME = AppIcon;
				DEVELOPMENT_TEAM = "";
				GCC_PRECOMPILE_PREFIX_HEADER = YES;
				GCC_PREFIX_HEADER = BlurImageDemo/PrefixHeader.pch;
				INFOPLIST_FILE = BlurImageDemo/Info.plist;
				LD_RUNPATH_SEARCH_PATHS = "$(inherited) @executable_path/Frameworks";
				PRODUCT_BUNDLE_IDENTIFIER = hnqingyun.BlurImageDemo;
				PRODUCT_NAME = "$(TARGET_NAME)";
				PROVISIONING_PROFILE_SPECIFIER = "";
			};
			name = Release;
		};
/* End XCBuildConfiguration section */

/* Begin XCConfigurationList section */
		7C070E831D5C5D8C00281B69 /* Build configuration list for PBXProject "BlurImageDemo" */ = {
			isa = XCConfigurationList;
			buildConfigurations = (
				7C070E9D1D5C5D8C00281B69 /* Debug */,
				7C070E9E1D5C5D8C00281B69 /* Release */,
			);
			defaultConfigurationIsVisible = 0;
			defaultConfigurationName = Release;
		};
		7C070E9F1D5C5D8C00281B69 /* Build configuration list for PBXNativeTarget "BlurImageDemo" */ = {
			isa = XCConfigurationList;
			buildConfigurations = (
				7C070EA01D5C5D8C00281B69 /* Debug */,
				7C070EA11D5C5D8C00281B69 /* Release */,
			);
			defaultConfigurationIsVisible = 0;
			defaultConfigurationName = Release;
		};
/* End XCConfigurationList section */
	};
	rootObject = 7C070E801D5C5D8C00281B69 /* Project object */;
}
